
Microsoft Visual Studio Solution File, Format Version 12.00
# Visual Studio 15
VisualStudioVersion = 15.0.28307.106
MinimumVisualStudioVersion = 10.0.40219.1
Project("{FAE04EC0-301F-11D3-BF4B-00C04F79EFBC}") = "PictureEnlargement", "PictureEnlargement\PictureEnlargement.csproj", "{BE71F4BB-6426-4D69-912B-06B88C803931}"
EndProject
Global
	GlobalSection(SolutionConfigurationPlatforms) = preSolution
		Debug|Any CPU = Debug|Any CPU
		Release|Any CPU = Release|Any CPU
	EndGlobalSection
	GlobalSection(ProjectConfigurationPlatforms) = postSolution
		{BE71F4BB-6426-4D69-912B-06B88C803931}.Debug|Any CPU.ActiveCfg = Debug|Any CPU
		{BE71F4BB-6426-4D69-912B-06B88C803931}.Debug|Any CPU.Build.0 = Debug|Any CPU
		{BE71F4BB-6426-4D69-912B-06B88C803931}.Release|Any CPU.ActiveCfg = Release|Any CPU
		{BE71F4BB-6426-4D69-912B-06B88C803931}.Release|Any CPU.Build.0 = Release|Any CPU
	EndGlobalSection
	GlobalSection(SolutionProperties) = preSolution
		HideSolutionNode = FALSE
	EndGlobalSection
	GlobalSection(ExtensibilityGlobals) = postSolution
		SolutionGuid = {7AFF2552-6728-44A6-971F-DFDD9690FED3}
	EndGlobalSection
EndGlobal
